// !$*UTF8*$!
{
	archiveVersion = 1;
	classes = {
	};
	objectVersion = 56;
	objects = {

/* Begin PBXBuildFile section */
		BF459AF92A62A95400C8298D /* AppDelegate.swift in Sources */ = {isa = PBXBuildFile; fileRef = BF459AF82A62A95400C8298D /* AppDelegate.swift */; };
		BF459AFB2A62A95400C8298D /* SceneDelegate.swift in Sources */ = {isa = PBXBuildFile; fileRef = BF459AFA2A62A95400C8298D /* SceneDelegate.swift */; };
		BF459AFD2A62A95400C8298D /* ViewController.swift in Sources */ = {isa = PBXBuildFile; fileRef = BF459AFC2A62A95400C8298D /* ViewController.swift */; };
		BF459B002A62A95400C8298D /* Main.storyboard in Resources */ = {isa = PBXBuildFile; fileRef = BF459AFE2A62A95400C8298D /* Main.storyboard */; };
		BF459B022A62A95500C8298D /* Assets.xcassets in Resources */ = {isa = PBXBuildFile; fileRef = BF459B012A62A95500C8298D /* Assets.xcassets */; };
		BF459B052A62A95500C8298D /* LaunchScreen.storyboard in Resources */ = {isa = PBXBuildFile; fileRef = BF459B032A62A95500C8298D /* LaunchScreen.storyboard */; };
		BF459B0E2A62A97100C8298D /* libsqlite3.tbd in Frameworks */ = {isa = PBXBuildFile; fileRef = BF459B0D2A62A96B00C8298D /* libsqlite3.tbd */; };
		BF459B1B2A62A99200C8298D /* FMDatabase.m in Sources */ = {isa = PBXBuildFile; fileRef = BF459B132A62A99100C8298D /* FMDatabase.m */; };
		BF459B1C2A62A99200C8298D /* FMResultSet.m in Sources */ = {isa = PBXBuildFile; fileRef = BF459B152A62A99100C8298D /* FMResultSet.m */; };
		BF459B1D2A62A99200C8298D /* FMDatabaseQueue.m in Sources */ = {isa = PBXBuildFile; fileRef = BF459B182A62A99100C8298D /* FMDatabaseQueue.m */; };
		BF459B1E2A62A99200C8298D /* FMDatabasePool.m in Sources */ = {isa = PBXBuildFile; fileRef = BF459B192A62A99100C8298D /* FMDatabasePool.m */; };
		BF459B1F2A62A99200C8298D /* FMDatabaseAdditions.m in Sources */ = {isa = PBXBuildFile; fileRef = BF459B1A2A62A99200C8298D /* FMDatabaseAdditions.m */; };
		BF459B232A62AD3C00C8298D /* Countries.swift in Sources */ = {isa = PBXBuildFile; fileRef = BF459B222A62AD3C00C8298D /* Countries.swift */; };
		BF459B252A62ADE800C8298D /* Countriesdao.swift in Sources */ = {isa = PBXBuildFile; fileRef = BF459B242A62ADE800C8298D /* Countriesdao.swift */; };
		BF459B272A62B0E200C8298D /* QuizVC.swift in Sources */ = {isa = PBXBuildFile; fileRef = BF459B262A62B0E200C8298D /* QuizVC.swift */; };
		BF459B292A62B0FF00C8298D /* ResultVC.swift in Sources */ = {isa = PBXBuildFile; fileRef = BF459B282A62B0FF00C8298D /* ResultVC.swift */; };
		BF459B2F2A62C0D100C8298D /* Country.sqlite in Resources */ = {isa = PBXBuildFile; fileRef = BF459B2E2A62C0D100C8298D /* Country.sqlite */; };
/* End PBXBuildFile section */

/* Begin PBXFileReference section */
		BF459AF52A62A95400C8298D /* CountriesApp.app */ = {isa = PBXFileReference; explicitFileType = wrapper.application; includeInIndex = 0; path = CountriesApp.app; sourceTree = BUILT_PRODUCTS_DIR; };
		BF459AF82A62A95400C8298D /* AppDelegate.swift */ = {isa = PBXFileReference; lastKnownFileType = sourcecode.swift; path = AppDelegate.swift; sourceTree = "<group>"; };
		BF459AFA2A62A95400C8298D /* SceneDelegate.swift */ = {isa = PBXFileReference; lastKnownFileType = sourcecode.swift; path = SceneDelegate.swift; sourceTree = "<group>"; };
		BF459AFC2A62A95400C8298D /* ViewController.swift */ = {isa = PBXFileReference; lastKnownFileType = sourcecode.swift; path = ViewController.swift; sourceTree = "<group>"; };
		BF459AFF2A62A95400C8298D /* Base */ = {isa = PBXFileReference; lastKnownFileType = file.storyboard; name = Base; path = Base.lproj/Main.storyboard; sourceTree = "<group>"; };
		BF459B012A62A95500C8298D /* Assets.xcassets */ = {isa = PBXFileReference; lastKnownFileType = folder.assetcatalog; path = Assets.xcassets; sourceTree = "<group>"; };
		BF459B042A62A95500C8298D /* Base */ = {isa = PBXFileReference; lastKnownFileType = file.storyboard; name = Base; path = Base.lproj/LaunchScreen.storyboard; sourceTree = "<group>"; };
		BF459B062A62A95500C8298D /* Info.plist */ = {isa = PBXFileReference; lastKnownFileType = text.plist.xml; path = Info.plist; sourceTree = "<group>"; };
		BF459B0D2A62A96B00C8298D /* libsqlite3.tbd */ = {isa = PBXFileReference; lastKnownFileType = "sourcecode.text-based-dylib-definition"; name = libsqlite3.tbd; path = usr/lib/libsqlite3.tbd; sourceTree = SDKROOT; };
		BF459B0F2A62A99000C8298D /* CountriesApp-Bridging-Header.h */ = {isa = PBXFileReference; lastKnownFileType = sourcecode.c.h; path = "CountriesApp-Bridging-Header.h"; sourceTree = "<group>"; };
		BF459B102A62A99000C8298D /* FMDatabase.h */ = {isa = PBXFileReference; fileEncoding = 4; lastKnownFileType = sourcecode.c.h; path = FMDatabase.h; sourceTree = "<group>"; };
		BF459B112A62A99000C8298D /* FMDatabaseAdditions.h */ = {isa = PBXFileReference; fileEncoding = 4; lastKnownFileType = sourcecode.c.h; path = FMDatabaseAdditions.h; sourceTree = "<group>"; };
		BF459B122A62A99000C8298D /* FMDatabasePool.h */ = {isa = PBXFileReference; fileEncoding = 4; lastKnownFileType = sourcecode.c.h; path = FMDatabasePool.h; sourceTree = "<group>"; };
		BF459B132A62A99100C8298D /* FMDatabase.m */ = {isa = PBXFileReference; fileEncoding = 4; lastKnownFileType = sourcecode.c.objc; path = FMDatabase.m; sourceTree = "<group>"; };
		BF459B142A62A99100C8298D /* FMResultSet.h */ = {isa = PBXFileReference; fileEncoding = 4; lastKnownFileType = sourcecode.c.h; path = FMResultSet.h; sourceTree = "<group>"; };
		BF459B152A62A99100C8298D /* FMResultSet.m */ = {isa = PBXFileReference; fileEncoding = 4; lastKnownFileType = sourcecode.c.objc; path = FMResultSet.m; sourceTree = "<group>"; };
		BF459B162A62A99100C8298D /* FMDatabaseQueue.h */ = {isa = PBXFileReference; fileEncoding = 4; lastKnownFileType = sourcecode.c.h; path = FMDatabaseQueue.h; sourceTree = "<group>"; };
		BF459B172A62A99100C8298D /* FMDB.h */ = {isa = PBXFileReference; fileEncoding = 4; lastKnownFileType = sourcecode.c.h; path = FMDB.h; sourceTree = "<group>"; };
		BF459B182A62A99100C8298D /* FMDatabaseQueue.m */ = {isa = PBXFileReference; fileEncoding = 4; lastKnownFileType = sourcecode.c.objc; path = FMDatabaseQueue.m; sourceTree = "<group>"; };
		BF459B192A62A99100C8298D /* FMDatabasePool.m */ = {isa = PBXFileReference; fileEncoding = 4; lastKnownFileType = sourcecode.c.objc; path = FMDatabasePool.m; sourceTree = "<group>"; };
		BF459B1A2A62A99200C8298D /* FMDatabaseAdditions.m */ = {isa = PBXFileReference; fileEncoding = 4; lastKnownFileType = sourcecode.c.objc; path = FMDatabaseAdditions.m; sourceTree = "<group>"; };
		BF459B222A62AD3C00C8298D /* Countries.swift */ = {isa = PBXFileReference; lastKnownFileType = sourcecode.swift; path = Countries.swift; sourceTree = "<group>"; };
		BF459B242A62ADE800C8298D /* Countriesdao.swift */ = {isa = PBXFileReference; lastKnownFileType = sourcecode.swift; path = Countriesdao.swift; sourceTree = "<group>"; };
		BF459B262A62B0E200C8298D /* QuizVC.swift */ = {isa = PBXFileReference; lastKnownFileType = sourcecode.swift; path = QuizVC.swift; sourceTree = "<group>"; };
		BF459B282A62B0FF00C8298D /* ResultVC.swift */ = {isa = PBXFileReference; lastKnownFileType = sourcecode.swift; path = ResultVC.swift; sourceTree = "<group>"; };
		BF459B2E2A62C0D100C8298D /* Country.sqlite */ = {isa = PBXFileReference; lastKnownFileType = file; path = Country.sqlite; sourceTree = "<group>"; };
/* End PBXFileReference section */

/* Begin PBXFrameworksBuildPhase section */
		BF459AF22A62A95400C8298D /* Frameworks */ = {
			isa = PBXFrameworksBuildPhase;
			buildActionMask = 2147483647;
			files = (
				BF459B0E2A62A97100C8298D /* libsqlite3.tbd in Frameworks */,
			);
			runOnlyForDeploymentPostprocessing = 0;
		};
/* End PBXFrameworksBuildPhase section */

/* Begin PBXGroup section */
		BF459AEC2A62A95400C8298D = {
			isa = PBXGroup;
			children = (
				BF459AF72A62A95400C8298D /* CountriesApp */,
				BF459AF62A62A95400C8298D /* Products */,
				BF459B0C2A62A96B00C8298D /* Frameworks */,
			);
			sourceTree = "<group>";
		};
		BF459AF62A62A95400C8298D /* Products */ = {
			isa = PBXGroup;
			children = (
				BF459AF52A62A95400C8298D /* CountriesApp.app */,
			);
			name = Products;
			sourceTree = "<group>";
		};
		BF459AF72A62A95400C8298D /* CountriesApp */ = {
			isa = PBXGroup;
			children = (
				BF459AF82A62A95400C8298D /* AppDelegate.swift */,
				BF459AFA2A62A95400C8298D /* SceneDelegate.swift */,
				BF459AFC2A62A95400C8298D /* ViewController.swift */,
				BF459B262A62B0E200C8298D /* QuizVC.swift */,
				BF459B282A62B0FF00C8298D /* ResultVC.swift */,
				BF459AFE2A62A95400C8298D /* Main.storyboard */,
				BF459B012A62A95500C8298D /* Assets.xcassets */,
				BF459B032A62A95500C8298D /* LaunchScreen.storyboard */,
				BF459B062A62A95500C8298D /* Info.plist */,
				BF459B242A62ADE800C8298D /* Countriesdao.swift */,
				BF459B222A62AD3C00C8298D /* Countries.swift */,
				BF459B2E2A62C0D100C8298D /* Country.sqlite */,
				BF459B102A62A99000C8298D /* FMDatabase.h */,
				BF459B132A62A99100C8298D /* FMDatabase.m */,
				BF459B112A62A99000C8298D /* FMDatabaseAdditions.h */,
				BF459B1A2A62A99200C8298D /* FMDatabaseAdditions.m */,
				BF459B122A62A99000C8298D /* FMDatabasePool.h */,
				BF459B192A62A99100C8298D /* FMDatabasePool.m */,
				BF459B162A62A99100C8298D /* FMDatabaseQueue.h */,
				BF459B182A62A99100C8298D /* FMDatabaseQueue.m */,
				BF459B172A62A99100C8298D /* FMDB.h */,
				BF459B142A62A99100C8298D /* FMResultSet.h */,
				BF459B152A62A99100C8298D /* FMResultSet.m */,
				BF459B0F2A62A99000C8298D /* CountriesApp-Bridging-Header.h */,
			);
			path = CountriesApp;
			sourceTree = "<group>";
		};
		BF459B0C2A62A96B00C8298D /* Frameworks */ = {
			isa = PBXGroup;
			children = (
				BF459B0D2A62A96B00C8298D /* libsqlite3.tbd */,
			);
			name = Frameworks;
			sourceTree = "<group>";
		};
/* End PBXGroup section */

/* Begin PBXNativeTarget section */
		BF459AF42A62A95400C8298D /* CountriesApp */ = {
			isa = PBXNativeTarget;
			buildConfigurationList = BF459B092A62A95500C8298D /* Build configuration list for PBXNativeTarget "CountriesApp" */;
			buildPhases = (
				BF459AF12A62A95400C8298D /* Sources */,
				BF459AF22A62A95400C8298D /* Frameworks */,
				BF459AF32A62A95400C8298D /* Resources */,
			);
			buildRules = (
			);
			dependencies = (
			);
			name = CountriesApp;
			productName = CountriesApp;
			productReference = BF459AF52A62A95400C8298D /* CountriesApp.app */;
			productType = "com.apple.product-type.application";
		};
/* End PBXNativeTarget section */

/* Begin PBXProject section */
		BF459AED2A62A95400C8298D /* Project object */ = {
			isa = PBXProject;
			attributes = {
				BuildIndependentTargetsInParallel = 1;
				LastSwiftUpdateCheck = 1430;
				LastUpgradeCheck = 1430;
				TargetAttributes = {
					BF459AF42A62A95400C8298D = {
						CreatedOnToolsVersion = 14.3.1;
						LastSwiftMigration = 1430;
					};
				};
			};
			buildConfigurationList = BF459AF02A62A95400C8298D /* Build configuration list for PBXProject "CountriesApp" */;
			compatibilityVersion = "Xcode 14.0";
			developmentRegion = en;
			hasScannedForEncodings = 0;
			knownRegions = (
				en,
				Base,
			);
			mainGroup = BF459AEC2A62A95400C8298D;
			productRefGroup = BF459AF62A62A95400C8298D /* Products */;
			projectDirPath = "";
			projectRoot = "";
			targets = (
				BF459AF42A62A95400C8298D /* CountriesApp */,
			);
		};
/* End PBXProject section */

/* Begin PBXResourcesBuildPhase section */
		BF459AF32A62A95400C8298D /* Resources */ = {
			isa = PBXResourcesBuildPhase;
			buildActionMask = 2147483647;
			files = (
				BF459B052A62A95500C8298D /* LaunchScreen.storyboard in Resources */,
				BF459B022A62A95500C8298D /* Assets.xcassets in Resources */,
				BF459B2F2A62C0D100C8298D /* Country.sqlite in Resources */,
				BF459B002A62A95400C8298D /* Main.storyboard in Resources */,
			);
			runOnlyForDeploymentPostprocessing = 0;
		};
/* End PBXResourcesBuildPhase section */

/* Begin PBXSourcesBuildPhase section */
		BF459AF12A62A95400C8298D /* Sources */ = {
			isa = PBXSourcesBuildPhase;
			buildActionMask = 2147483647;
			files = (
				BF459AFD2A62A95400C8298D /* ViewController.swift in Sources */,
				BF459B292A62B0FF00C8298D /* ResultVC.swift in Sources */,
				BF459AF92A62A95400C8298D /* AppDelegate.swift in Sources */,
				BF459AFB2A62A95400C8298D /* SceneDelegate.swift in Sources */,
				BF459B1B2A62A99200C8298D /* FMDatabase.m in Sources */,
				BF459B272A62B0E200C8298D /* QuizVC.swift in Sources */,
				BF459B232A62AD3C00C8298D /* Countries.swift in Sources */,
				BF459B1E2A62A99200C8298D /* FMDatabasePool.m in Sources */,
				BF459B1C2A62A99200C8298D /* FMResultSet.m in Sources */,
				BF459B252A62ADE800C8298D /* Countriesdao.swift in Sources */,
				BF459B1D2A62A99200C8298D /* FMDatabaseQueue.m in Sources */,
				BF459B1F2A62A99200C8298D /* FMDatabaseAdditions.m in Sources */,
			);
			runOnlyForDeploymentPostprocessing = 0;
		};
/* End PBXSourcesBuildPhase section */

/* Begin PBXVariantGroup section */
		BF459AFE2A62A95400C8298D /* Main.storyboard */ = {
			isa = PBXVariantGroup;
			children = (
				BF459AFF2A62A95400C8298D /* Base */,
			);
			name = Main.storyboard;
			sourceTree = "<group>";
		};
		BF459B032A62A95500C8298D /* LaunchScreen.storyboard */ = {
			isa = PBXVariantGroup;
			children = (
				BF459B042A62A95500C8298D /* Base */,
			);
			name = LaunchScreen.storyboard;
			sourceTree = "<group>";
		};
/* End PBXVariantGroup section */

/* Begin XCBuildConfiguration section */
		BF459B072A62A95500C8298D /* Debug */ = {
			isa = XCBuildConfiguration;
			buildSettings = {
				ALWAYS_SEARCH_USER_PATHS = NO;
				CLANG_ANALYZER_NONNULL = YES;
				CLANG_ANALYZER_NUMBER_OBJECT_CONVERSION = YES_AGGRESSIVE;
				CLANG_CXX_LANGUAGE_STANDARD = "gnu++20";
				CLANG_ENABLE_MODULES = YES;
				CLANG_ENABLE_OBJC_ARC = YES;
				CLANG_ENABLE_OBJC_WEAK = YES;
				CLANG_WARN_BLOCK_CAPTURE_AUTORELEASING = YES;
				CLANG_WARN_BOOL_CONVERSION = YES;
				CLANG_WARN_COMMA = YES;
				CLANG_WARN_CONSTANT_CONVERSION = YES;
				CLANG_WARN_DEPRECATED_OBJC_IMPLEMENTATIONS = YES;
				CLANG_WARN_DIRECT_OBJC_ISA_USAGE = YES_ERROR;
				CLANG_WARN_DOCUMENTATION_COMMENTS = YES;
				CLANG_WARN_EMPTY_BODY = YES;
				CLANG_WARN_ENUM_CONVERSION = YES;
				CLANG_WARN_INFINITE_RECURSION = YES;
				CLANG_WARN_INT_CONVERSION = YES;
				CLANG_WARN_NON_LITERAL_NULL_CONVERSION = YES;
				CLANG_WARN_OBJC_IMPLICIT_RETAIN_SELF = YES;
				CLANG_WARN_OBJC_LITERAL_CONVERSION = YES;
				CLANG_WARN_OBJC_ROOT_CLASS = YES_ERROR;
				CLANG_WARN_QUOTED_INCLUDE_IN_FRAMEWORK_HEADER = YES;
				CLANG_WARN_RANGE_LOOP_ANALYSIS = YES;
				CLANG_WARN_STRICT_PROTOTYPES = YES;
				CLANG_WARN_SUSPICIOUS_MOVE = YES;
				CLANG_WARN_UNGUARDED_AVAILABILITY = YES_AGGRESSIVE;
				CLANG_WARN_UNREACHABLE_CODE = YES;
				CLANG_WARN__DUPLICATE_METHOD_MATCH = YES;
				COPY_PHASE_STRIP = NO;
				DEBUG_INFORMATION_FORMAT = dwarf;
				ENABLE_STRICT_OBJC_MSGSEND = YES;
				ENABLE_TESTABILITY = YES;
				GCC_C_LANGUAGE_STANDARD = gnu11;
				GCC_DYNAMIC_NO_PIC = NO;
				GCC_NO_COMMON_BLOCKS = YES;
				GCC_OPTIMIZATION_LEVEL = 0;
				GCC_PREPROCESSOR_DEFINITIONS = (
					"DEBUG=1",
					"$(inherited)",
				);
				GCC_WARN_64_TO_32_BIT_CONVERSION = YES;
				GCC_WARN_ABOUT_RETURN_TYPE = YES_ERROR;
				GCC_WARN_UNDECLARED_SELECTOR = YES;
				GCC_WARN_UNINITIALIZED_AUTOS = YES_AGGRESSIVE;
				GCC_WARN_UNUSED_FUNCTION = YES;
				GCC_WARN_UNUSED_VARIABLE = YES;
				IPHONEOS_DEPLOYMENT_TARGET = 16.4;
				MTL_ENABLE_DEBUG_INFO = INCLUDE_SOURCE;
				MTL_FAST_MATH = YES;
				ONLY_ACTIVE_ARCH = YES;
				SDKROOT = iphoneos;
				SWIFT_ACTIVE_COMPILATION_CONDITIONS = DEBUG;
				SWIFT_OPTIMIZATION_LEVEL = "-Onone";
			};
			name = Debug;
		};
		BF459B082A62A95500C8298D /* Release */ = {
			isa = XCBuildConfiguration;
			buildSettings = {
				ALWAYS_SEARCH_USER_PATHS = NO;
				CLANG_ANALYZER_NONNULL = YES;
				CLANG_ANALYZER_NUMBER_OBJECT_CONVERSION = YES_AGGRESSIVE;
				CLANG_CXX_LANGUAGE_STANDARD = "gnu++20";
				CLANG_ENABLE_MODULES = YES;
				CLANG_ENABLE_OBJC_ARC = YES;
				CLANG_ENABLE_OBJC_WEAK = YES;
				CLANG_WARN_BLOCK_CAPTURE_AUTORELEASING = YES;
				CLANG_WARN_BOOL_CONVERSION = YES;
				CLANG_WARN_COMMA = YES;
				CLANG_WARN_CONSTANT_CONVERSION = YES;
				CLANG_WARN_DEPRECATED_OBJC_IMPLEMENTATIONS = YES;
				CLANG_WARN_DIRECT_OBJC_ISA_USAGE = YES_ERROR;
				CLANG_WARN_DOCUMENTATION_COMMENTS = YES;
				CLANG_WARN_EMPTY_BODY = YES;
				CLANG_WARN_ENUM_CONVERSION = YES;
				CLANG_WARN_INFINITE_RECURSION = YES;
				CLANG_WARN_INT_CONVERSION = YES;
				CLANG_WARN_NON_LITERAL_NULL_CONVERSION = YES;
				CLANG_WARN_OBJC_IMPLICIT_RETAIN_SELF = YES;
				CLANG_WARN_OBJC_LITERAL_CONVERSION = YES;
				CLANG_WARN_OBJC_ROOT_CLASS = YES_ERROR;
				CLANG_WARN_QUOTED_INCLUDE_IN_FRAMEWORK_HEADER = YES;
				CLANG_WARN_RANGE_LOOP_ANALYSIS = YES;
				CLANG_WARN_STRICT_PROTOTYPES = YES;
				CLANG_WARN_SUSPICIOUS_MOVE = YES;
				CLANG_WARN_UNGUARDED_AVAILABILITY = YES_AGGRESSIVE;
				CLANG_WARN_UNREACHABLE_CODE = YES;
				CLANG_WARN__DUPLICATE_METHOD_MATCH = YES;
				COPY_PHASE_STRIP = NO;
				DEBUG_INFORMATION_FORMAT = "dwarf-with-dsym";
				ENABLE_NS_ASSERTIONS = NO;
				ENABLE_STRICT_OBJC_MSGSEND = YES;
				GCC_C_LANGUAGE_STANDARD = gnu11;
				GCC_NO_COMMON_BLOCKS = YES;
				GCC_WARN_64_TO_32_BIT_CONVERSION = YES;
				GCC_WARN_ABOUT_RETURN_TYPE = YES_ERROR;
				GCC_WARN_UNDECLARED_SELECTOR = YES;
				GCC_WARN_UNINITIALIZED_AUTOS = YES_AGGRESSIVE;
				GCC_WARN_UNUSED_FUNCTION = YES;
				GCC_WARN_UNUSED_VARIABLE = YES;
				IPHONEOS_DEPLOYMENT_TARGET = 16.4;
				MTL_ENABLE_DEBUG_INFO = NO;
				MTL_FAST_MATH = YES;
				SDKROOT = iphoneos;
				SWIFT_COMPILATION_MODE = wholemodule;
				SWIFT_OPTIMIZATION_LEVEL = "-O";
				VALIDATE_PRODUCT = YES;
			};
			name = Release;
		};
		BF459B0A2A62A95500C8298D /* Debug */ = {
			isa = XCBuildConfiguration;
			buildSettings = {
				ASSETCATALOG_COMPILER_APPICON_NAME = AppIcon;
				ASSETCATALOG_COMPILER_GLOBAL_ACCENT_COLOR_NAME = AccentColor;
				CLANG_ENABLE_MODULES = YES;
				CODE_SIGN_STYLE = Automatic;
				CURRENT_PROJECT_VERSION = 1;
				DEVELOPMENT_TEAM = ZNGVCU7BY3;
				GENERATE_INFOPLIST_FILE = YES;
				INFOPLIST_FILE = CountriesApp/Info.plist;
				INFOPLIST_KEY_UIApplicationSupportsIndirectInputEvents = YES;
				INFOPLIST_KEY_UILaunchStoryboardName = LaunchScreen;
				INFOPLIST_KEY_UIMainStoryboardFile = Main;
				INFOPLIST_KEY_UISupportedInterfaceOrientations_iPad = "UIInterfaceOrientationPortrait UIInterfaceOrientationPortraitUpsideDown UIInterfaceOrientationLandscapeLeft UIInterfaceOrientationLandscapeRight";
				INFOPLIST_KEY_UISupportedInterfaceOrientations_iPhone = "UIInterfaceOrientationPortrait UIInterfaceOrientationLandscapeLeft UIInterfaceOrientationLandscapeRight";
				LD_RUNPATH_SEARCH_PATHS = (
					"$(inherited)",
					"@executable_path/Frameworks",
				);
				MARKETING_VERSION = 1.0;
				PRODUCT_BUNDLE_IDENTIFIER = smd.CountriesApp;
				PRODUCT_NAME = "$(TARGET_NAME)";
				SWIFT_EMIT_LOC_STRINGS = YES;
				SWIFT_OBJC_BRIDGING_HEADER = "CountriesApp/CountriesApp-Bridging-Header.h";
				SWIFT_OPTIMIZATION_LEVEL = "-Onone";
				SWIFT_VERSION = 5.0;
				TARGETED_DEVICE_FAMILY = "1,2";
			};
			name = Debug;
		};
		BF459B0B2A62A95500C8298D /* Release */ = {
			isa = XCBuildConfiguration;
			buildSettings = {
				ASSETCATALOG_COMPILER_APPICON_NAME = AppIcon;
				ASSETCATALOG_COMPILER_GLOBAL_ACCENT_COLOR_NAME = AccentColor;
				CLANG_ENABLE_MODULES = YES;
				CODE_SIGN_STYLE = Automatic;
				CURRENT_PROJECT_VERSION = 1;
				DEVELOPMENT_TEAM = ZNGVCU7BY3;
				GENERATE_INFOPLIST_FILE = YES;
				INFOPLIST_FILE = CountriesApp/Info.plist;
				INFOPLIST_KEY_UIApplicationSupportsIndirectInputEvents = YES;
				INFOPLIST_KEY_UILaunchStoryboardName = LaunchScreen;
				INFOPLIST_KEY_UIMainStoryboardFile = Main;
				INFOPLIST_KEY_UISupportedInterfaceOrientations_iPad = "UIInterfaceOrientationPortrait UIInterfaceOrientationPortraitUpsideDown UIInterfaceOrientationLandscapeLeft UIInterfaceOrientationLandscapeRight";
				INFOPLIST_KEY_UISupportedInterfaceOrientations_iPhone = "UIInterfaceOrientationPortrait UIInterfaceOrientationLandscapeLeft UIInterfaceOrientationLandscapeRight";
				LD_RUNPATH_SEARCH_PATHS = (
					"$(inherited)",
					"@executable_path/Frameworks",
				);
				MARKETING_VERSION = 1.0;
				PRODUCT_BUNDLE_IDENTIFIER = smd.CountriesApp;
				PRODUCT_NAME = "$(TARGET_NAME)";
				SWIFT_EMIT_LOC_STRINGS = YES;
				SWIFT_OBJC_BRIDGING_HEADER = "CountriesApp/CountriesApp-Bridging-Header.h";
				SWIFT_VERSION = 5.0;
				TARGETED_DEVICE_FAMILY = "1,2";
			};
			name = Release;
		};
/* End XCBuildConfiguration section */

/* Begin XCConfigurationList section */
		BF459AF02A62A95400C8298D /* Build configuration list for PBXProject "CountriesApp" */ = {
			isa = XCConfigurationList;
			buildConfigurations = (
				BF459B072A62A95500C8298D /* Debug */,
				BF459B082A62A95500C8298D /* Release */,
			);
			defaultConfigurationIsVisible = 0;
			defaultConfigurationName = Release;
		};
		BF459B092A62A95500C8298D /* Build configuration list for PBXNativeTarget "CountriesApp" */ = {
			isa = XCConfigurationList;
			buildConfigurations = (
				BF459B0A2A62A95500C8298D /* Debug */,
				BF459B0B2A62A95500C8298D /* Release */,
			);
			defaultConfigurationIsVisible = 0;
			defaultConfigurationName = Release;
		};
/* End XCConfigurationList section */
	};
	rootObject = BF459AED2A62A95400C8298D /* Project object */;
}
